// !$*UTF8*$!
{
	archiveVersion = 1;
	classes = {
	};
	objectVersion = 46;
	objects = {

/* Begin PBXBuildFile section */
		355BBDEA1C701AEE000CD082 /* main.m in Sources */ = {isa = PBXBuildFile; fileRef = 355BBDE91C701AEE000CD082 /* main.m */; };
		355BBDED1C701AEE000CD082 /* AppDelegate.m in Sources */ = {isa = PBXBuildFile; fileRef = 355BBDEC1C701AEE000CD082 /* AppDelegate.m */; };
		355BBDF01C701AEE000CD082 /* ViewController.m in Sources */ = {isa = PBXBuildFile; fileRef = 355BBDEF1C701AEE000CD082 /* ViewController.m */; };
		355BBDF31C701AEE000CD082 /* Main.storyboard in Resources */ = {isa = PBXBuildFile; fileRef = 355BBDF11C701AEE000CD082 /* Main.storyboard */; };
		355BBDF51C701AEE000CD082 /* Assets.xcassets in Resources */ = {isa = PBXBuildFile; fileRef = 355BBDF41C701AEE000CD082 /* Assets.xcassets */; };
		355BBDF81C701AEE000CD082 /* LaunchScreen.storyboard in Resources */ = {isa = PBXBuildFile; fileRef = 355BBDF61C701AEE000CD082 /* LaunchScreen.storyboard */; };
		355BBE061C701F63000CD082 /* MBBaseViewController.m in Sources */ = {isa = PBXBuildFile; fileRef = 355BBE051C701F63000CD082 /* MBBaseViewController.m */; };
		355BBE091C701FD9000CD082 /* MBBaseNavigationController.m in Sources */ = {isa = PBXBuildFile; fileRef = 355BBE081C701FD9000CD082 /* MBBaseNavigationController.m */; };
		355BBE0D1C7025EE000CD082 /* MBBaseTabBarController.m in Sources */ = {isa = PBXBuildFile; fileRef = 355BBE0C1C7025EE000CD082 /* MBBaseTabBarController.m */; };
		355BBE221C705902000CD082 /* bb.jpg in Resources */ = {isa = PBXBuildFile; fileRef = 355BBE211C705902000CD082 /* bb.jpg */; };
		355BBE3D1C71D563000CD082 /* bg_yaoyao_under.png in Resources */ = {isa = PBXBuildFile; fileRef = 355BBE3C1C71D563000CD082 /* bg_yaoyao_under.png */; };
		355BBE3F1C71D571000CD082 /* bg_yaoyao_above.png in Resources */ = {isa = PBXBuildFile; fileRef = 355BBE3E1C71D571000CD082 /* bg_yaoyao_above.png */; };
		355BBE411C71D57C000CD082 /* bg_shaking.png in Resources */ = {isa = PBXBuildFile; fileRef = 355BBE401C71D57C000CD082 /* bg_shaking.png */; };
		355BBE441C71D615000CD082 /* UIView+LZ.m in Sources */ = {isa = PBXBuildFile; fileRef = 355BBE431C71D615000CD082 /* UIView+LZ.m */; };
		355BBE491C71DA2A000CD082 /* Shake_01.png in Resources */ = {isa = PBXBuildFile; fileRef = 355BBE451C71DA2A000CD082 /* Shake_01.png */; };
		355BBE4A1C71DA2A000CD082 /* Shake_01@2x.png in Resources */ = {isa = PBXBuildFile; fileRef = 355BBE461C71DA2A000CD082 /* Shake_01@2x.png */; };
		355BBE4B1C71DA2A000CD082 /* Shake_02.png in Resources */ = {isa = PBXBuildFile; fileRef = 355BBE471C71DA2A000CD082 /* Shake_02.png */; };
		355BBE4C1C71DA2A000CD082 /* Shake_02@2x.png in Resources */ = {isa = PBXBuildFile; fileRef = 355BBE481C71DA2A000CD082 /* Shake_02@2x.png */; };
		35E00F891C743F29000D32C1 /* mega.jpg in Resources */ = {isa = PBXBuildFile; fileRef = 35E00F881C743F29000D32C1 /* mega.jpg */; };
		35E00FA11C756394000D32C1 /* Icon-72.png in Resources */ = {isa = PBXBuildFile; fileRef = 35E00F941C756394000D32C1 /* Icon-72.png */; };
		35E00FA21C756394000D32C1 /* Icon-72@2x.png in Resources */ = {isa = PBXBuildFile; fileRef = 35E00F951C756394000D32C1 /* Icon-72@2x.png */; };
		35E00FA31C756394000D32C1 /* Icon-76.png in Resources */ = {isa = PBXBuildFile; fileRef = 35E00F961C756394000D32C1 /* Icon-76.png */; };
		35E00FA41C756394000D32C1 /* Icon-76@2x.png in Resources */ = {isa = PBXBuildFile; fileRef = 35E00F971C756394000D32C1 /* Icon-76@2x.png */; };
		35E00FA51C756394000D32C1 /* Icon-120.png in Resources */ = {isa = PBXBuildFile; fileRef = 35E00F981C756394000D32C1 /* Icon-120.png */; };
		35E00FA61C756394000D32C1 /* Icon-iPad-Spotlight-iOS7@2x.png in Resources */ = {isa = PBXBuildFile; fileRef = 35E00F991C756394000D32C1 /* Icon-iPad-Spotlight-iOS7@2x.png */; };
		35E00FA71C756394000D32C1 /* Icon-Small-50.png in Resources */ = {isa = PBXBuildFile; fileRef = 35E00F9A1C756394000D32C1 /* Icon-Small-50.png */; };
		35E00FA81C756394000D32C1 /* Icon-Small.png in Resources */ = {isa = PBXBuildFile; fileRef = 35E00F9B1C756394000D32C1 /* Icon-Small.png */; };
		35E00FA91C756394000D32C1 /* Icon-Small@2x.png in Resources */ = {isa = PBXBuildFile; fileRef = 35E00F9C1C756394000D32C1 /* Icon-Small@2x.png */; };
		35E00FAA1C756394000D32C1 /* Icon-Spotlight-iOS7.png in Resources */ = {isa = PBXBuildFile; fileRef = 35E00F9D1C756394000D32C1 /* Icon-Spotlight-iOS7.png */; };
		35E00FAB1C756394000D32C1 /* Icon-Spotlight-iOS7@2x.png in Resources */ = {isa = PBXBuildFile; fileRef = 35E00F9E1C756394000D32C1 /* Icon-Spotlight-iOS7@2x.png */; };
		35E00FAC1C756394000D32C1 /* Icon.png in Resources */ = {isa = PBXBuildFile; fileRef = 35E00F9F1C756394000D32C1 /* Icon.png */; };
		35E00FAD1C756394000D32C1 /* Icon@2x.png in Resources */ = {isa = PBXBuildFile; fileRef = 35E00FA01C756394000D32C1 /* Icon@2x.png */; };
		35E00FBE1C76C6B1000D32C1 /* msgModel.m in Sources */ = {isa = PBXBuildFile; fileRef = 35E00FBD1C76C6B1000D32C1 /* msgModel.m */; };
		35E00FCA1C771658000D32C1 /* UILabel+LZ.m in Sources */ = {isa = PBXBuildFile; fileRef = 35E00FC91C771658000D32C1 /* UILabel+LZ.m */; };
		B8281E311D2620770047F8F1 /* Model.xcdatamodeld in Sources */ = {isa = PBXBuildFile; fileRef = B8281E2F1D2620770047F8F1 /* Model.xcdatamodeld */; };
		B8281E421D2656690047F8F1 /* MBFriendListViewController.m in Sources */ = {isa = PBXBuildFile; fileRef = B8281E411D2656690047F8F1 /* MBFriendListViewController.m */; };
		B8281E451D265C790047F8F1 /* MBFriedndListTableViewCell.m in Sources */ = {isa = PBXBuildFile; fileRef = B8281E441D265C790047F8F1 /* MBFriedndListTableViewCell.m */; };
		B8281E481D2666170047F8F1 /* MBChatRoomViewController.m in Sources */ = {isa = PBXBuildFile; fileRef = B8281E471D2666170047F8F1 /* MBChatRoomViewController.m */; };
		B8281E571D2A507D0047F8F1 /* MBChatTableViewCell.m in Sources */ = {isa = PBXBuildFile; fileRef = B8281E561D2A507D0047F8F1 /* MBChatTableViewCell.m */; };
		B8281E601D2A75B10047F8F1 /* Msg+CoreDataProperties.m in Sources */ = {isa = PBXBuildFile; fileRef = B8281E591D2A75B10047F8F1 /* Msg+CoreDataProperties.m */; };
		B8281E611D2A75B10047F8F1 /* Msg.m in Sources */ = {isa = PBXBuildFile; fileRef = B8281E5B1D2A75B10047F8F1 /* Msg.m */; };
		B8281E671D2B842B0047F8F1 /* MBRegisterViewController.m in Sources */ = {isa = PBXBuildFile; fileRef = B8281E661D2B842B0047F8F1 /* MBRegisterViewController.m */; };
		B8281E6B1D2B91D70047F8F1 /* HTTPService.m in Sources */ = {isa = PBXBuildFile; fileRef = B8281E6A1D2B91D70047F8F1 /* HTTPService.m */; };
		B8281E6E1D2BC4EE0047F8F1 /* MBLoginViewController.m in Sources */ = {isa = PBXBuildFile; fileRef = B8281E6D1D2BC4EE0047F8F1 /* MBLoginViewController.m */; };
		B8281E721D2E51B20047F8F1 /* MBAddFriendViewController.m in Sources */ = {isa = PBXBuildFile; fileRef = B8281E711D2E51B20047F8F1 /* MBAddFriendViewController.m */; };
		B83D1D481D2F5ED8009E03BD /* Friend+CoreDataProperties.m in Sources */ = {isa = PBXBuildFile; fileRef = B83D1D451D2F5ED8009E03BD /* Friend+CoreDataProperties.m */; };
		B83D1D491D2F5ED8009E03BD /* Friend.m in Sources */ = {isa = PBXBuildFile; fileRef = B83D1D471D2F5ED8009E03BD /* Friend.m */; };
		B83D1D4D1D2F8575009E03BD /* MBProfileViewController.m in Sources */ = {isa = PBXBuildFile; fileRef = B83D1D4C1D2F8575009E03BD /* MBProfileViewController.m */; };
		B8EEA1881D2517C400333230 /* MBMsgListViewController.m in Sources */ = {isa = PBXBuildFile; fileRef = B8EEA1871D2517C400333230 /* MBMsgListViewController.m */; };
		B8EEA18B1D25223100333230 /* MBMsgListTableViewCell.m in Sources */ = {isa = PBXBuildFile; fileRef = B8EEA18A1D25223100333230 /* MBMsgListTableViewCell.m */; };
		F7F4319A2AA0CA2B1D4A482F /* libPods-MicroBang.a in Frameworks */ = {isa = PBXBuildFile; fileRef = 0578326EB56912D96F61DB52 /* libPods-MicroBang.a */; };
/* End PBXBuildFile section */

/* Begin PBXFileReference section */
		0578326EB56912D96F61DB52 /* libPods-MicroBang.a */ = {isa = PBXFileReference; explicitFileType = archive.ar; includeInIndex = 0; path = "libPods-MicroBang.a"; sourceTree = BUILT_PRODUCTS_DIR; };
		355BBDE51C701AEE000CD082 /* 微泡.app */ = {isa = PBXFileReference; explicitFileType = wrapper.application; includeInIndex = 0; path = "微泡.app"; sourceTree = BUILT_PRODUCTS_DIR; };
		355BBDE91C701AEE000CD082 /* main.m */ = {isa = PBXFileReference; lastKnownFileType = sourcecode.c.objc; path = main.m; sourceTree = "<group>"; };
		355BBDEB1C701AEE000CD082 /* AppDelegate.h */ = {isa = PBXFileReference; lastKnownFileType = sourcecode.c.h; path = AppDelegate.h; sourceTree = "<group>"; };
		355BBDEC1C701AEE000CD082 /* AppDelegate.m */ = {isa = PBXFileReference; lastKnownFileType = sourcecode.c.objc; path = AppDelegate.m; sourceTree = "<group>"; };
		355BBDEE1C701AEE000CD082 /* ViewController.h */ = {isa = PBXFileReference; lastKnownFileType = sourcecode.c.h; path = ViewController.h; sourceTree = "<group>"; };
		355BBDEF1C701AEE000CD082 /* ViewController.m */ = {isa = PBXFileReference; lastKnownFileType = sourcecode.c.objc; path = ViewController.m; sourceTree = "<group>"; };
		355BBDF21C701AEE000CD082 /* Base */ = {isa = PBXFileReference; lastKnownFileType = file.storyboard; name = Base; path = Base.lproj/Main.storyboard; sourceTree = "<group>"; };
		355BBDF41C701AEE000CD082 /* Assets.xcassets */ = {isa = PBXFileReference; lastKnownFileType = folder.assetcatalog; path = Assets.xcassets; sourceTree = "<group>"; };
		355BBDF71C701AEE000CD082 /* Base */ = {isa = PBXFileReference; lastKnownFileType = file.storyboard; name = Base; path = Base.lproj/LaunchScreen.storyboard; sourceTree = "<group>"; };
		355BBDF91C701AEE000CD082 /* Info.plist */ = {isa = PBXFileReference; lastKnownFileType = text.plist.xml; path = Info.plist; sourceTree = "<group>"; };
		355BBE041C701F63000CD082 /* MBBaseViewController.h */ = {isa = PBXFileReference; fileEncoding = 4; lastKnownFileType = sourcecode.c.h; path = MBBaseViewController.h; sourceTree = "<group>"; };
		355BBE051C701F63000CD082 /* MBBaseViewController.m */ = {isa = PBXFileReference; fileEncoding = 4; lastKnownFileType = sourcecode.c.objc; path = MBBaseViewController.m; sourceTree = "<group>"; };
		355BBE071C701FD9000CD082 /* MBBaseNavigationController.h */ = {isa = PBXFileReference; fileEncoding = 4; lastKnownFileType = sourcecode.c.h; path = MBBaseNavigationController.h; sourceTree = "<group>"; };
		355BBE081C701FD9000CD082 /* MBBaseNavigationController.m */ = {isa = PBXFileReference; fileEncoding = 4; lastKnownFileType = sourcecode.c.objc; path = MBBaseNavigationController.m; sourceTree = "<group>"; };
		355BBE0A1C70234A000CD082 /* PrefixHeader.pch */ = {isa = PBXFileReference; lastKnownFileType = sourcecode.c.h; path = PrefixHeader.pch; sourceTree = "<group>"; };
		355BBE0B1C7025EE000CD082 /* MBBaseTabBarController.h */ = {isa = PBXFileReference; fileEncoding = 4; lastKnownFileType = sourcecode.c.h; path = MBBaseTabBarController.h; sourceTree = "<group>"; };
		355BBE0C1C7025EE000CD082 /* MBBaseTabBarController.m */ = {isa = PBXFileReference; fileEncoding = 4; lastKnownFileType = sourcecode.c.objc; path = MBBaseTabBarController.m; sourceTree = "<group>"; };
		355BBE211C705902000CD082 /* bb.jpg */ = {isa = PBXFileReference; lastKnownFileType = image.jpeg; path = bb.jpg; sourceTree = "<group>"; };
		355BBE3C1C71D563000CD082 /* bg_yaoyao_under.png */ = {isa = PBXFileReference; lastKnownFileType = image.png; path = bg_yaoyao_under.png; sourceTree = "<group>"; };
		355BBE3E1C71D571000CD082 /* bg_yaoyao_above.png */ = {isa = PBXFileReference; lastKnownFileType = image.png; path = bg_yaoyao_above.png; sourceTree = "<group>"; };
		355BBE401C71D57C000CD082 /* bg_shaking.png */ = {isa = PBXFileReference; lastKnownFileType = image.png; path = bg_shaking.png; sourceTree = "<group>"; };
		355BBE421C71D615000CD082 /* UIView+LZ.h */ = {isa = PBXFileReference; fileEncoding = 4; lastKnownFileType = sourcecode.c.h; path = "UIView+LZ.h"; sourceTree = "<group>"; };
		355BBE431C71D615000CD082 /* UIView+LZ.m */ = {isa = PBXFileReference; fileEncoding = 4; lastKnownFileType = sourcecode.c.objc; path = "UIView+LZ.m"; sourceTree = "<group>"; };
		355BBE451C71DA2A000CD082 /* Shake_01.png */ = {isa = PBXFileReference; lastKnownFileType = image.png; path = Shake_01.png; sourceTree = "<group>"; };
		355BBE461C71DA2A000CD082 /* Shake_01@2x.png */ = {isa = PBXFileReference; lastKnownFileType = image.png; path = "Shake_01@2x.png"; sourceTree = "<group>"; };
		355BBE471C71DA2A000CD082 /* Shake_02.png */ = {isa = PBXFileReference; lastKnownFileType = image.png; path = Shake_02.png; sourceTree = "<group>"; };
		355BBE481C71DA2A000CD082 /* Shake_02@2x.png */ = {isa = PBXFileReference; lastKnownFileType = image.png; path = "Shake_02@2x.png"; sourceTree = "<group>"; };
		35E00F881C743F29000D32C1 /* mega.jpg */ = {isa = PBXFileReference; lastKnownFileType = image.jpeg; path = mega.jpg; sourceTree = "<group>"; };
		35E00F941C756394000D32C1 /* Icon-72.png */ = {isa = PBXFileReference; lastKnownFileType = image.png; path = "Icon-72.png"; sourceTree = "<group>"; };
		35E00F951C756394000D32C1 /* Icon-72@2x.png */ = {isa = PBXFileReference; lastKnownFileType = image.png; path = "Icon-72@2x.png"; sourceTree = "<group>"; };
		35E00F961C756394000D32C1 /* Icon-76.png */ = {isa = PBXFileReference; lastKnownFileType = image.png; path = "Icon-76.png"; sourceTree = "<group>"; };
		35E00F971C756394000D32C1 /* Icon-76@2x.png */ = {isa = PBXFileReference; lastKnownFileType = image.png; path = "Icon-76@2x.png"; sourceTree = "<group>"; };
		35E00F981C756394000D32C1 /* Icon-120.png */ = {isa = PBXFileReference; lastKnownFileType = image.png; path = "Icon-120.png"; sourceTree = "<group>"; };
		35E00F991C756394000D32C1 /* Icon-iPad-Spotlight-iOS7@2x.png */ = {isa = PBXFileReference; lastKnownFileType = image.png; path = "Icon-iPad-Spotlight-iOS7@2x.png"; sourceTree = "<group>"; };
		35E00F9A1C756394000D32C1 /* Icon-Small-50.png */ = {isa = PBXFileReference; lastKnownFileType = image.png; path = "Icon-Small-50.png"; sourceTree = "<group>"; };
		35E00F9B1C756394000D32C1 /* Icon-Small.png */ = {isa = PBXFileReference; lastKnownFileType = image.png; path = "Icon-Small.png"; sourceTree = "<group>"; };
		35E00F9C1C756394000D32C1 /* Icon-Small@2x.png */ = {isa = PBXFileReference; lastKnownFileType = image.png; path = "Icon-Small@2x.png"; sourceTree = "<group>"; };
		35E00F9D1C756394000D32C1 /* Icon-Spotlight-iOS7.png */ = {isa = PBXFileReference; lastKnownFileType = image.png; path = "Icon-Spotlight-iOS7.png"; sourceTree = "<group>"; };
		35E00F9E1C756394000D32C1 /* Icon-Spotlight-iOS7@2x.png */ = {isa = PBXFileReference; lastKnownFileType = image.png; path = "Icon-Spotlight-iOS7@2x.png"; sourceTree = "<group>"; };
		35E00F9F1C756394000D32C1 /* Icon.png */ = {isa = PBXFileReference; lastKnownFileType = image.png; path = Icon.png; sourceTree = "<group>"; };
		35E00FA01C756394000D32C1 /* Icon@2x.png */ = {isa = PBXFileReference; lastKnownFileType = image.png; path = "Icon@2x.png"; sourceTree = "<group>"; };
		35E00FBC1C76C6B1000D32C1 /* msgModel.h */ = {isa = PBXFileReference; fileEncoding = 4; lastKnownFileType = sourcecode.c.h; path = msgModel.h; sourceTree = "<group>"; };
		35E00FBD1C76C6B1000D32C1 /* msgModel.m */ = {isa = PBXFileReference; fileEncoding = 4; lastKnownFileType = sourcecode.c.objc; path = msgModel.m; sourceTree = "<group>"; };
		35E00FC81C771658000D32C1 /* UILabel+LZ.h */ = {isa = PBXFileReference; fileEncoding = 4; lastKnownFileType = sourcecode.c.h; path = "UILabel+LZ.h"; sourceTree = "<group>"; };
		35E00FC91C771658000D32C1 /* UILabel+LZ.m */ = {isa = PBXFileReference; fileEncoding = 4; lastKnownFileType = sourcecode.c.objc; path = "UILabel+LZ.m"; sourceTree = "<group>"; };
		A66939EBD304926FBA05DC06 /* Pods-MicroBang.debug.xcconfig */ = {isa = PBXFileReference; includeInIndex = 1; lastKnownFileType = text.xcconfig; name = "Pods-MicroBang.debug.xcconfig"; path = "Pods/Target Support Files/Pods-MicroBang/Pods-MicroBang.debug.xcconfig"; sourceTree = "<group>"; };
		B8281E301D2620770047F8F1 /* Model.xcdatamodel */ = {isa = PBXFileReference; lastKnownFileType = wrapper.xcdatamodel; path = Model.xcdatamodel; sourceTree = "<group>"; };
		B8281E401D2656690047F8F1 /* MBFriendListViewController.h */ = {isa = PBXFileReference; fileEncoding = 4; lastKnownFileType = sourcecode.c.h; name = MBFriendListViewController.h; path = ../Message/MBFriendListViewController.h; sourceTree = "<group>"; };
		B8281E411D2656690047F8F1 /* MBFriendListViewController.m */ = {isa = PBXFileReference; fileEncoding = 4; lastKnownFileType = sourcecode.c.objc; name = MBFriendListViewController.m; path = ../Message/MBFriendListViewController.m; sourceTree = "<group>"; };
		B8281E431D265C790047F8F1 /* MBFriedndListTableViewCell.h */ = {isa = PBXFileReference; fileEncoding = 4; lastKnownFileType = sourcecode.c.h; path = MBFriedndListTableViewCell.h; sourceTree = "<group>"; };
		B8281E441D265C790047F8F1 /* MBFriedndListTableViewCell.m */ = {isa = PBXFileReference; fileEncoding = 4; lastKnownFileType = sourcecode.c.objc; path = MBFriedndListTableViewCell.m; sourceTree = "<group>"; };
		B8281E461D2666170047F8F1 /* MBChatRoomViewController.h */ = {isa = PBXFileReference; fileEncoding = 4; lastKnownFileType = sourcecode.c.h; path = MBChatRoomViewController.h; sourceTree = "<group>"; };
		B8281E471D2666170047F8F1 /* MBChatRoomViewController.m */ = {isa = PBXFileReference; fileEncoding = 4; lastKnownFileType = sourcecode.c.objc; path = MBChatRoomViewController.m; sourceTree = "<group>"; };
		B8281E551D2A507D0047F8F1 /* MBChatTableViewCell.h */ = {isa = PBXFileReference; fileEncoding = 4; lastKnownFileType = sourcecode.c.h; path = MBChatTableViewCell.h; sourceTree = "<group>"; };
		B8281E561D2A507D0047F8F1 /* MBChatTableViewCell.m */ = {isa = PBXFileReference; fileEncoding = 4; lastKnownFileType = sourcecode.c.objc; path = MBChatTableViewCell.m; sourceTree = "<group>"; };
		B8281E581D2A75B10047F8F1 /* Msg+CoreDataProperties.h */ = {isa = PBXFileReference; fileEncoding = 4; lastKnownFileType = sourcecode.c.h; path = "Msg+CoreDataProperties.h"; sourceTree = "<group>"; };
		B8281E591D2A75B10047F8F1 /* Msg+CoreDataProperties.m */ = {isa = PBXFileReference; fileEncoding = 4; lastKnownFileType = sourcecode.c.objc; path = "Msg+CoreDataProperties.m"; sourceTree = "<group>"; };
		B8281E5A1D2A75B10047F8F1 /* Msg.h */ = {isa = PBXFileReference; fileEncoding = 4; lastKnownFileType = sourcecode.c.h; path = Msg.h; sourceTree = "<group>"; };
		B8281E5B1D2A75B10047F8F1 /* Msg.m */ = {isa = PBXFileReference; fileEncoding = 4; lastKnownFileType = sourcecode.c.objc; path = Msg.m; sourceTree = "<group>"; };
		B8281E651D2B842B0047F8F1 /* MBRegisterViewController.h */ = {isa = PBXFileReference; fileEncoding = 4; lastKnownFileType = sourcecode.c.h; path = MBRegisterViewController.h; sourceTree = "<group>"; };
		B8281E661D2B842B0047F8F1 /* MBRegisterViewController.m */ = {isa = PBXFileReference; fileEncoding = 4; lastKnownFileType = sourcecode.c.objc; path = MBRegisterViewController.m; sourceTree = "<group>"; };
		B8281E691D2B91D70047F8F1 /* HTTPService.h */ = {isa = PBXFileReference; fileEncoding = 4; lastKnownFileType = sourcecode.c.h; path = HTTPService.h; sourceTree = "<group>"; };
		B8281E6A1D2B91D70047F8F1 /* HTTPService.m */ = {isa = PBXFileReference; fileEncoding = 4; lastKnownFileType = sourcecode.c.objc; path = HTTPService.m; sourceTree = "<group>"; };
		B8281E6C1D2BC4EE0047F8F1 /* MBLoginViewController.h */ = {isa = PBXFileReference; fileEncoding = 4; lastKnownFileType = sourcecode.c.h; path = MBLoginViewController.h; sourceTree = "<group>"; };
		B8281E6D1D2BC4EE0047F8F1 /* MBLoginViewController.m */ = {isa = PBXFileReference; fileEncoding = 4; lastKnownFileType = sourcecode.c.objc; path = MBLoginViewController.m; sourceTree = "<group>"; };
		B8281E701D2E51B20047F8F1 /* MBAddFriendViewController.h */ = {isa = PBXFileReference; fileEncoding = 4; lastKnownFileType = sourcecode.c.h; path = MBAddFriendViewController.h; sourceTree = "<group>"; };
		B8281E711D2E51B20047F8F1 /* MBAddFriendViewController.m */ = {isa = PBXFileReference; fileEncoding = 4; lastKnownFileType = sourcecode.c.objc; path = MBAddFriendViewController.m; sourceTree = "<group>"; };
		B83D1D441D2F5ED8009E03BD /* Friend+CoreDataProperties.h */ = {isa = PBXFileReference; fileEncoding = 4; lastKnownFileType = sourcecode.c.h; path = "Friend+CoreDataProperties.h"; sourceTree = "<group>"; };
		B83D1D451D2F5ED8009E03BD /* Friend+CoreDataProperties.m */ = {isa = PBXFileReference; fileEncoding = 4; lastKnownFileType = sourcecode.c.objc; path = "Friend+CoreDataProperties.m"; sourceTree = "<group>"; };
		B83D1D461D2F5ED8009E03BD /* Friend.h */ = {isa = PBXFileReference; fileEncoding = 4; lastKnownFileType = sourcecode.c.h; path = Friend.h; sourceTree = "<group>"; };
		B83D1D471D2F5ED8009E03BD /* Friend.m */ = {isa = PBXFileReference; fileEncoding = 4; lastKnownFileType = sourcecode.c.objc; path = Friend.m; sourceTree = "<group>"; };
		B83D1D4B1D2F8575009E03BD /* MBProfileViewController.h */ = {isa = PBXFileReference; fileEncoding = 4; lastKnownFileType = sourcecode.c.h; path = MBProfileViewController.h; sourceTree = "<group>"; };
		B83D1D4C1D2F8575009E03BD /* MBProfileViewController.m */ = {isa = PBXFileReference; fileEncoding = 4; lastKnownFileType = sourcecode.c.objc; path = MBProfileViewController.m; sourceTree = "<group>"; };
		B8EEA1861D2517C400333230 /* MBMsgListViewController.h */ = {isa = PBXFileReference; fileEncoding = 4; lastKnownFileType = sourcecode.c.h; path = MBMsgListViewController.h; sourceTree = "<group>"; };
		B8EEA1871D2517C400333230 /* MBMsgListViewController.m */ = {isa = PBXFileReference; fileEncoding = 4; lastKnownFileType = sourcecode.c.objc; path = MBMsgListViewController.m; sourceTree = "<group>"; };
		B8EEA1891D25223100333230 /* MBMsgListTableViewCell.h */ = {isa = PBXFileReference; fileEncoding = 4; lastKnownFileType = sourcecode.c.h; path = MBMsgListTableViewCell.h; sourceTree = "<group>"; };
		B8EEA18A1D25223100333230 /* MBMsgListTableViewCell.m */ = {isa = PBXFileReference; fileEncoding = 4; lastKnownFileType = sourcecode.c.objc; path = MBMsgListTableViewCell.m; sourceTree = "<group>"; };
		DCB9147D8380E28D337D2EB0 /* Pods-MicroBang.release.xcconfig */ = {isa = PBXFileReference; includeInIndex = 1; lastKnownFileType = text.xcconfig; name = "Pods-MicroBang.release.xcconfig"; path = "Pods/Target Support Files/Pods-MicroBang/Pods-MicroBang.release.xcconfig"; sourceTree = "<group>"; };
/* End PBXFileReference section */

/* Begin PBXFrameworksBuildPhase section */
		355BBDE21C701AEE000CD082 /* Frameworks */ = {
			isa = PBXFrameworksBuildPhase;
			buildActionMask = 2147483647;
			files = (
				F7F4319A2AA0CA2B1D4A482F /* libPods-MicroBang.a in Frameworks */,
			);
			runOnlyForDeploymentPostprocessing = 0;
		};
/* End PBXFrameworksBuildPhase section */

/* Begin PBXGroup section */
		054E2A775ECFBE8891CA2363 /* Pods */ = {
			isa = PBXGroup;
			children = (
				A66939EBD304926FBA05DC06 /* Pods-MicroBang.debug.xcconfig */,
				DCB9147D8380E28D337D2EB0 /* Pods-MicroBang.release.xcconfig */,
			);
			name = Pods;
			sourceTree = "<group>";
		};
		355BBDDC1C701AEE000CD082 = {
			isa = PBXGroup;
			children = (
				355BBDE71C701AEE000CD082 /* MicroBang */,
				355BBDE61C701AEE000CD082 /* Products */,
				054E2A775ECFBE8891CA2363 /* Pods */,
				64F33B477441DD84C6A19076 /* Frameworks */,
			);
			sourceTree = "<group>";
		};
		355BBDE61C701AEE000CD082 /* Products */ = {
			isa = PBXGroup;
			children = (
				355BBDE51C701AEE000CD082 /* 微泡.app */,
			);
			name = Products;
			sourceTree = "<group>";
		};
		355BBDE71C701AEE000CD082 /* MicroBang */ = {
			isa = PBXGroup;
			children = (
				B8281E2E1D2620620047F8F1 /* CoreData */,
				B8EEA18C1D25272900333230 /* chronos */,
				35E00FBB1C76C68D000D32C1 /* Model */,
				355BBE231C70644A000CD082 /* CustomView */,
				355BBE1D1C7051D1000CD082 /* Cell */,
				355BBE031C701F2B000CD082 /* Base */,
				355BBDFF1C701F08000CD082 /* Image */,
				355BBE001C701F08000CD082 /* Util */,
				355BBE011C701F08000CD082 /* Vendors */,
				355BBE021C701F08000CD082 /* ViewControllers */,
				355BBDEB1C701AEE000CD082 /* AppDelegate.h */,
				355BBDEC1C701AEE000CD082 /* AppDelegate.m */,
				355BBE0A1C70234A000CD082 /* PrefixHeader.pch */,
				355BBDEE1C701AEE000CD082 /* ViewController.h */,
				355BBDEF1C701AEE000CD082 /* ViewController.m */,
				355BBDF11C701AEE000CD082 /* Main.storyboard */,
				355BBDF41C701AEE000CD082 /* Assets.xcassets */,
				355BBDF61C701AEE000CD082 /* LaunchScreen.storyboard */,
				355BBDF91C701AEE000CD082 /* Info.plist */,
				355BBDE81C701AEE000CD082 /* Supporting Files */,
			);
			path = MicroBang;
			sourceTree = "<group>";
		};
		355BBDE81C701AEE000CD082 /* Supporting Files */ = {
			isa = PBXGroup;
			children = (
				355BBDE91C701AEE000CD082 /* main.m */,
			);
			name = "Supporting Files";
			sourceTree = "<group>";
		};
		355BBDFF1C701F08000CD082 /* Image */ = {
			isa = PBXGroup;
			children = (
				35E00F931C756380000D32C1 /* icon */,
				355BBE3C1C71D563000CD082 /* bg_yaoyao_under.png */,
				355BBE401C71D57C000CD082 /* bg_shaking.png */,
				35E00F881C743F29000D32C1 /* mega.jpg */,
				355BBE3E1C71D571000CD082 /* bg_yaoyao_above.png */,
				355BBE211C705902000CD082 /* bb.jpg */,
				355BBE451C71DA2A000CD082 /* Shake_01.png */,
				355BBE461C71DA2A000CD082 /* Shake_01@2x.png */,
				355BBE471C71DA2A000CD082 /* Shake_02.png */,
				355BBE481C71DA2A000CD082 /* Shake_02@2x.png */,
			);
			path = Image;
			sourceTree = "<group>";
		};
		355BBE001C701F08000CD082 /* Util */ = {
			isa = PBXGroup;
			children = (
				B8281E691D2B91D70047F8F1 /* HTTPService.h */,
				B8281E6A1D2B91D70047F8F1 /* HTTPService.m */,
				355BBE421C71D615000CD082 /* UIView+LZ.h */,
				355BBE431C71D615000CD082 /* UIView+LZ.m */,
				35E00FC81C771658000D32C1 /* UILabel+LZ.h */,
				35E00FC91C771658000D32C1 /* UILabel+LZ.m */,
			);
			path = Util;
			sourceTree = "<group>";
		};
		355BBE011C701F08000CD082 /* Vendors */ = {
			isa = PBXGroup;
			children = (
			);
			path = Vendors;
			sourceTree = "<group>";
		};
		355BBE021C701F08000CD082 /* ViewControllers */ = {
			isa = PBXGroup;
			children = (
				B83D1D4A1D2F8435009E03BD /* Profile */,
				B8281E6F1D2E3C1A0047F8F1 /* Friend */,
				B8281E641D2B82E10047F8F1 /* Login */,
				355BBE0F1C702757000CD082 /* Message */,
			);
			path = ViewControllers;
			sourceTree = "<group>";
		};
		355BBE031C701F2B000CD082 /* Base */ = {
			isa = PBXGroup;
			children = (
				355BBE041C701F63000CD082 /* MBBaseViewController.h */,
				355BBE051C701F63000CD082 /* MBBaseViewController.m */,
				355BBE071C701FD9000CD082 /* MBBaseNavigationController.h */,
				355BBE081C701FD9000CD082 /* MBBaseNavigationController.m */,
				355BBE0B1C7025EE000CD082 /* MBBaseTabBarController.h */,
				355BBE0C1C7025EE000CD082 /* MBBaseTabBarController.m */,
			);
			path = Base;
			sourceTree = "<group>";
		};
		355BBE0F1C702757000CD082 /* Message */ = {
			isa = PBXGroup;
			children = (
				B8EEA1861D2517C400333230 /* MBMsgListViewController.h */,
				B8EEA1871D2517C400333230 /* MBMsgListViewController.m */,
				B8281E461D2666170047F8F1 /* MBChatRoomViewController.h */,
				B8281E471D2666170047F8F1 /* MBChatRoomViewController.m */,
			);
			path = Message;
			sourceTree = "<group>";
		};
		355BBE1D1C7051D1000CD082 /* Cell */ = {
			isa = PBXGroup;
			children = (
				B8EEA1891D25223100333230 /* MBMsgListTableViewCell.h */,
				B8EEA18A1D25223100333230 /* MBMsgListTableViewCell.m */,
				B8281E551D2A507D0047F8F1 /* MBChatTableViewCell.h */,
				B8281E561D2A507D0047F8F1 /* MBChatTableViewCell.m */,
				B8281E431D265C790047F8F1 /* MBFriedndListTableViewCell.h */,
				B8281E441D265C790047F8F1 /* MBFriedndListTableViewCell.m */,
			);
			path = Cell;
			sourceTree = "<group>";
		};
		355BBE231C70644A000CD082 /* CustomView */ = {
			isa = PBXGroup;
			children = (
			);
			path = CustomView;
			sourceTree = "<group>";
		};
		35E00F931C756380000D32C1 /* icon */ = {
			isa = PBXGroup;
			children = (
				35E00F941C756394000D32C1 /* Icon-72.png */,
				35E00F951C756394000D32C1 /* Icon-72@2x.png */,
				35E00F961C756394000D32C1 /* Icon-76.png */,
				35E00F971C756394000D32C1 /* Icon-76@2x.png */,
				35E00F981C756394000D32C1 /* Icon-120.png */,
				35E00F991C756394000D32C1 /* Icon-iPad-Spotlight-iOS7@2x.png */,
				35E00F9A1C756394000D32C1 /* Icon-Small-50.png */,
				35E00F9B1C756394000D32C1 /* Icon-Small.png */,
				35E00F9C1C756394000D32C1 /* Icon-Small@2x.png */,
				35E00F9D1C756394000D32C1 /* Icon-Spotlight-iOS7.png */,
				35E00F9E1C756394000D32C1 /* Icon-Spotlight-iOS7@2x.png */,
				35E00F9F1C756394000D32C1 /* Icon.png */,
				35E00FA01C756394000D32C1 /* Icon@2x.png */,
			);
			path = icon;
			sourceTree = "<group>";
		};
		35E00FBB1C76C68D000D32C1 /* Model */ = {
			isa = PBXGroup;
			children = (
				35E00FBC1C76C6B1000D32C1 /* msgModel.h */,
				35E00FBD1C76C6B1000D32C1 /* msgModel.m */,
			);
			path = Model;
			sourceTree = "<group>";
		};
		64F33B477441DD84C6A19076 /* Frameworks */ = {
			isa = PBXGroup;
			children = (
				0578326EB56912D96F61DB52 /* libPods-MicroBang.a */,
			);
			name = Frameworks;
			sourceTree = "<group>";
		};
		B8281E2E1D2620620047F8F1 /* CoreData */ = {
			isa = PBXGroup;
			children = (
				B83D1D441D2F5ED8009E03BD /* Friend+CoreDataProperties.h */,
				B83D1D451D2F5ED8009E03BD /* Friend+CoreDataProperties.m */,
				B83D1D461D2F5ED8009E03BD /* Friend.h */,
				B83D1D471D2F5ED8009E03BD /* Friend.m */,
				B8281E581D2A75B10047F8F1 /* Msg+CoreDataProperties.h */,
				B8281E591D2A75B10047F8F1 /* Msg+CoreDataProperties.m */,
				B8281E5A1D2A75B10047F8F1 /* Msg.h */,
				B8281E5B1D2A75B10047F8F1 /* Msg.m */,
				B8281E2F1D2620770047F8F1 /* Model.xcdatamodeld */,
			);
			path = CoreData;
			sourceTree = "<group>";
		};
		B8281E641D2B82E10047F8F1 /* Login */ = {
			isa = PBXGroup;
			children = (
				B8281E651D2B842B0047F8F1 /* MBRegisterViewController.h */,
				B8281E661D2B842B0047F8F1 /* MBRegisterViewController.m */,
				B8281E6C1D2BC4EE0047F8F1 /* MBLoginViewController.h */,
				B8281E6D1D2BC4EE0047F8F1 /* MBLoginViewController.m */,
			);
			path = Login;
			sourceTree = "<group>";
		};
		B8281E6F1D2E3C1A0047F8F1 /* Friend */ = {
			isa = PBXGroup;
			children = (
				B8281E401D2656690047F8F1 /* MBFriendListViewController.h */,
				B8281E411D2656690047F8F1 /* MBFriendListViewController.m */,
				B8281E701D2E51B20047F8F1 /* MBAddFriendViewController.h */,
				B8281E711D2E51B20047F8F1 /* MBAddFriendViewController.m */,
			);
			path = Friend;
			sourceTree = "<group>";
		};
		B83D1D4A1D2F8435009E03BD /* Profile */ = {
			isa = PBXGroup;
			children = (
				B83D1D4B1D2F8575009E03BD /* MBProfileViewController.h */,
				B83D1D4C1D2F8575009E03BD /* MBProfileViewController.m */,
			);
			path = Profile;
			sourceTree = "<group>";
		};
		B8EEA18C1D25272900333230 /* chronos */ = {
			isa = PBXGroup;
			children = (
			);
			path = chronos;
			sourceTree = "<group>";
		};
/* End PBXGroup section */

/* Begin PBXNativeTarget section */
		355BBDE41C701AEE000CD082 /* MicroBang */ = {
			isa = PBXNativeTarget;
			buildConfigurationList = 355BBDFC1C701AEE000CD082 /* Build configuration list for PBXNativeTarget "MicroBang" */;
			buildPhases = (
				3AB3D627A05277B1AEF89156 /* Check Pods Manifest.lock */,
				355BBDE11C701AEE000CD082 /* Sources */,
				355BBDE21C701AEE000CD082 /* Frameworks */,
				355BBDE31C701AEE000CD082 /* Resources */,
				886F1A3C61E948125A8CA1BD /* Embed Pods Frameworks */,
				BE845450F5B210D1CBE50CEA /* Copy Pods Resources */,
			);
			buildRules = (
			);
			dependencies = (
			);
			name = MicroBang;
			productName = MicroBang;
			productReference = 355BBDE51C701AEE000CD082 /* 微泡.app */;
			productType = "com.apple.product-type.application";
		};
/* End PBXNativeTarget section */

/* Begin PBXProject section */
		355BBDDD1C701AEE000CD082 /* Project object */ = {
			isa = PBXProject;
			attributes = {
				LastUpgradeCheck = 0720;
				ORGANIZATIONNAME = leon;
				TargetAttributes = {
					355BBDE41C701AEE000CD082 = {
						CreatedOnToolsVersion = 7.2;
						DevelopmentTeam = H9EMJ6BDSU;
					};
				};
			};
			buildConfigurationList = 355BBDE01C701AEE000CD082 /* Build configuration list for PBXProject "MicroBang" */;
			compatibilityVersion = "Xcode 3.2";
			developmentRegion = English;
			hasScannedForEncodings = 0;
			knownRegions = (
				en,
				Base,
			);
			mainGroup = 355BBDDC1C701AEE000CD082;
			productRefGroup = 355BBDE61C701AEE000CD082 /* Products */;
			projectDirPath = "";
			projectRoot = "";
			targets = (
				355BBDE41C701AEE000CD082 /* MicroBang */,
			);
		};
/* End PBXProject section */

/* Begin PBXResourcesBuildPhase section */
		355BBDE31C701AEE000CD082 /* Resources */ = {
			isa = PBXResourcesBuildPhase;
			buildActionMask = 2147483647;
			files = (
				35E00FAB1C756394000D32C1 /* Icon-Spotlight-iOS7@2x.png in Resources */,
				35E00FA71C756394000D32C1 /* Icon-Small-50.png in Resources */,
				35E00FA61C756394000D32C1 /* Icon-iPad-Spotlight-iOS7@2x.png in Resources */,
				35E00FA21C756394000D32C1 /* Icon-72@2x.png in Resources */,
				355BBE411C71D57C000CD082 /* bg_shaking.png in Resources */,
				35E00FA31C756394000D32C1 /* Icon-76.png in Resources */,
				35E00FA51C756394000D32C1 /* Icon-120.png in Resources */,
				35E00FA91C756394000D32C1 /* Icon-Small@2x.png in Resources */,
				35E00FAA1C756394000D32C1 /* Icon-Spotlight-iOS7.png in Resources */,
				35E00F891C743F29000D32C1 /* mega.jpg in Resources */,
				355BBDF81C701AEE000CD082 /* LaunchScreen.storyboard in Resources */,
				35E00FA81C756394000D32C1 /* Icon-Small.png in Resources */,
				35E00FAC1C756394000D32C1 /* Icon.png in Resources */,
				355BBDF51C701AEE000CD082 /* Assets.xcassets in Resources */,
				355BBE491C71DA2A000CD082 /* Shake_01.png in Resources */,
				355BBE3F1C71D571000CD082 /* bg_yaoyao_above.png in Resources */,
				355BBE221C705902000CD082 /* bb.jpg in Resources */,
				355BBE4C1C71DA2A000CD082 /* Shake_02@2x.png in Resources */,
				355BBE4B1C71DA2A000CD082 /* Shake_02.png in Resources */,
				35E00FAD1C756394000D32C1 /* Icon@2x.png in Resources */,
				35E00FA11C756394000D32C1 /* Icon-72.png in Resources */,
				355BBDF31C701AEE000CD082 /* Main.storyboard in Resources */,
				355BBE3D1C71D563000CD082 /* bg_yaoyao_under.png in Resources */,
				35E00FA41C756394000D32C1 /* Icon-76@2x.png in Resources */,
				355BBE4A1C71DA2A000CD082 /* Shake_01@2x.png in Resources */,
			);
			runOnlyForDeploymentPostprocessing = 0;
		};
/* End PBXResourcesBuildPhase section */

/* Begin PBXShellScriptBuildPhase section */
		3AB3D627A05277B1AEF89156 /* Check Pods Manifest.lock */ = {
			isa = PBXShellScriptBuildPhase;
			buildActionMask = 2147483647;
			files = (
			);
			inputPaths = (
			);
			name = "Check Pods Manifest.lock";
			outputPaths = (
			);
			runOnlyForDeploymentPostprocessing = 0;
			shellPath = /bin/sh;
			shellScript = "diff \"${PODS_ROOT}/../Podfile.lock\" \"${PODS_ROOT}/Manifest.lock\" > /dev/null\nif [[ $? != 0 ]] ; then\n    cat << EOM\nerror: The sandbox is not in sync with the Podfile.lock. Run 'pod install' or update your CocoaPods installation.\nEOM\n    exit 1\nfi\n";
			showEnvVarsInLog = 0;
		};
		886F1A3C61E948125A8CA1BD /* Embed Pods Frameworks */ = {
			isa = PBXShellScriptBuildPhase;
			buildActionMask = 2147483647;
			files = (
			);
			inputPaths = (
			);
			name = "Embed Pods Frameworks";
			outputPaths = (
			);
			runOnlyForDeploymentPostprocessing = 0;
			shellPath = /bin/sh;
			shellScript = "\"${SRCROOT}/Pods/Target Support Files/Pods-MicroBang/Pods-MicroBang-frameworks.sh\"\n";
			showEnvVarsInLog = 0;
		};
		BE845450F5B210D1CBE50CEA /* Copy Pods Resources */ = {
			isa = PBXShellScriptBuildPhase;
			buildActionMask = 2147483647;
			files = (
			);
			inputPaths = (
			);
			name = "Copy Pods Resources";
			outputPaths = (
			);
			runOnlyForDeploymentPostprocessing = 0;
			shellPath = /bin/sh;
			shellScript = "\"${SRCROOT}/Pods/Target Support Files/Pods-MicroBang/Pods-MicroBang-resources.sh\"\n";
			showEnvVarsInLog = 0;
		};
/* End PBXShellScriptBuildPhase section */

/* Begin PBXSourcesBuildPhase section */
		355BBDE11C701AEE000CD082 /* Sources */ = {
			isa = PBXSourcesBuildPhase;
			buildActionMask = 2147483647;
			files = (
				355BBE441C71D615000CD082 /* UIView+LZ.m in Sources */,
				B83D1D4D1D2F8575009E03BD /* MBProfileViewController.m in Sources */,
				B8281E601D2A75B10047F8F1 /* Msg+CoreDataProperties.m in Sources */,
				B8281E6E1D2BC4EE0047F8F1 /* MBLoginViewController.m in Sources */,
				B83D1D491D2F5ED8009E03BD /* Friend.m in Sources */,
				B8EEA1881D2517C400333230 /* MBMsgListViewController.m in Sources */,
				B8281E611D2A75B10047F8F1 /* Msg.m in Sources */,
				B8281E721D2E51B20047F8F1 /* MBAddFriendViewController.m in Sources */,
				355BBDF01C701AEE000CD082 /* ViewController.m in Sources */,
				35E00FCA1C771658000D32C1 /* UILabel+LZ.m in Sources */,
				355BBDED1C701AEE000CD082 /* AppDelegate.m in Sources */,
				B8281E421D2656690047F8F1 /* MBFriendListViewController.m in Sources */,
				35E00FBE1C76C6B1000D32C1 /* msgModel.m in Sources */,
				B8281E451D265C790047F8F1 /* MBFriedndListTableViewCell.m in Sources */,
				B8281E571D2A507D0047F8F1 /* MBChatTableViewCell.m in Sources */,
				355BBE061C701F63000CD082 /* MBBaseViewController.m in Sources */,
				B8281E6B1D2B91D70047F8F1 /* HTTPService.m in Sources */,
				355BBDEA1C701AEE000CD082 /* main.m in Sources */,
				B8281E671D2B842B0047F8F1 /* MBRegisterViewController.m in Sources */,
				355BBE091C701FD9000CD082 /* MBBaseNavigationController.m in Sources */,
				B8281E481D2666170047F8F1 /* MBChatRoomViewController.m in Sources */,
				355BBE0D1C7025EE000CD082 /* MBBaseTabBarController.m in Sources */,
				B8EEA18B1D25223100333230 /* MBMsgListTableViewCell.m in Sources */,
				B83D1D481D2F5ED8009E03BD /* Friend+CoreDataProperties.m in Sources */,
				B8281E311D2620770047F8F1 /* Model.xcdatamodeld in Sources */,
			);
			runOnlyForDeploymentPostprocessing = 0;
		};
/* End PBXSourcesBuildPhase section */

/* Begin PBXVariantGroup section */
		355BBDF11C701AEE000CD082 /* Main.storyboard */ = {
			isa = PBXVariantGroup;
			children = (
				355BBDF21C701AEE000CD082 /* Base */,
			);
			name = Main.storyboard;
			sourceTree = "<group>";
		};
		355BBDF61C701AEE000CD082 /* LaunchScreen.storyboard */ = {
			isa = PBXVariantGroup;
			children = (
				355BBDF71C701AEE000CD082 /* Base */,
			);
			name = LaunchScreen.storyboard;
			sourceTree = "<group>";
		};
/* End PBXVariantGroup section */

/* Begin XCBuildConfiguration section */
		355BBDFA1C701AEE000CD082 /* Debug */ = {
			isa = XCBuildConfiguration;
			buildSettings = {
				ALWAYS_SEARCH_USER_PATHS = NO;
				CLANG_CXX_LANGUAGE_STANDARD = "gnu++0x";
				CLANG_CXX_LIBRARY = "libc++";
				CLANG_ENABLE_MODULES = YES;
				CLANG_ENABLE_OBJC_ARC = YES;
				CLANG_WARN_BOOL_CONVERSION = YES;
				CLANG_WARN_CONSTANT_CONVERSION = YES;
				CLANG_WARN_DIRECT_OBJC_ISA_USAGE = YES_ERROR;
				CLANG_WARN_EMPTY_BODY = YES;
				CLANG_WARN_ENUM_CONVERSION = YES;
				CLANG_WARN_INT_CONVERSION = YES;
				CLANG_WARN_OBJC_ROOT_CLASS = YES_ERROR;
				CLANG_WARN_UNREACHABLE_CODE = YES;
				CLANG_WARN__DUPLICATE_METHOD_MATCH = YES;
				"CODE_SIGN_IDENTITY[sdk=iphoneos*]" = "iPhone Developer";
				COPY_PHASE_STRIP = NO;
				DEBUG_INFORMATION_FORMAT = dwarf;
				ENABLE_STRICT_OBJC_MSGSEND = YES;
				ENABLE_TESTABILITY = YES;
				GCC_C_LANGUAGE_STANDARD = gnu99;
				GCC_DYNAMIC_NO_PIC = NO;
				GCC_NO_COMMON_BLOCKS = YES;
				GCC_OPTIMIZATION_LEVEL = 0;
				GCC_PREPROCESSOR_DEFINITIONS = (
					"DEBUG=1",
					"$(inherited)",
				);
				GCC_WARN_64_TO_32_BIT_CONVERSION = YES;
				GCC_WARN_ABOUT_RETURN_TYPE = YES_ERROR;
				GCC_WARN_UNDECLARED_SELECTOR = YES;
				GCC_WARN_UNINITIALIZED_AUTOS = YES_AGGRESSIVE;
				GCC_WARN_UNUSED_FUNCTION = YES;
				GCC_WARN_UNUSED_VARIABLE = YES;
				IPHONEOS_DEPLOYMENT_TARGET = 9.2;
				MTL_ENABLE_DEBUG_INFO = YES;
				ONLY_ACTIVE_ARCH = YES;
				SDKROOT = iphoneos;
			};
			name = Debug;
		};
		355BBDFB1C701AEE000CD082 /* Release */ = {
			isa = XCBuildConfiguration;
			buildSettings = {
				ALWAYS_SEARCH_USER_PATHS = NO;
				CLANG_CXX_LANGUAGE_STANDARD = "gnu++0x";
				CLANG_CXX_LIBRARY = "libc++";
				CLANG_ENABLE_MODULES = YES;
				CLANG_ENABLE_OBJC_ARC = YES;
				CLANG_WARN_BOOL_CONVERSION = YES;
				CLANG_WARN_CONSTANT_CONVERSION = YES;
				CLANG_WARN_DIRECT_OBJC_ISA_USAGE = YES_ERROR;
				CLANG_WARN_EMPTY_BODY = YES;
				CLANG_WARN_ENUM_CONVERSION = YES;
				CLANG_WARN_INT_CONVERSION = YES;
				CLANG_WARN_OBJC_ROOT_CLASS = YES_ERROR;
				CLANG_WARN_UNREACHABLE_CODE = YES;
				CLANG_WARN__DUPLICATE_METHOD_MATCH = YES;
				"CODE_SIGN_IDENTITY[sdk=iphoneos*]" = "iPhone Developer";
				COPY_PHASE_STRIP = NO;
				DEBUG_INFORMATION_FORMAT = "dwarf-with-dsym";
				ENABLE_NS_ASSERTIONS = NO;
				ENABLE_STRICT_OBJC_MSGSEND = YES;
				GCC_C_LANGUAGE_STANDARD = gnu99;
				GCC_NO_COMMON_BLOCKS = YES;
				GCC_WARN_64_TO_32_BIT_CONVERSION = YES;
				GCC_WARN_ABOUT_RETURN_TYPE = YES_ERROR;
				GCC_WARN_UNDECLARED_SELECTOR = YES;
				GCC_WARN_UNINITIALIZED_AUTOS = YES_AGGRESSIVE;
				GCC_WARN_UNUSED_FUNCTION = YES;
				GCC_WARN_UNUSED_VARIABLE = YES;
				IPHONEOS_DEPLOYMENT_TARGET = 9.2;
				MTL_ENABLE_DEBUG_INFO = NO;
				SDKROOT = iphoneos;
				VALIDATE_PRODUCT = YES;
			};
			name = Release;
		};
		355BBDFD1C701AEE000CD082 /* Debug */ = {
			isa = XCBuildConfiguration;
			baseConfigurationReference = A66939EBD304926FBA05DC06 /* Pods-MicroBang.debug.xcconfig */;
			buildSettings = {
				ASSETCATALOG_COMPILER_APPICON_NAME = AppIcon;
				CODE_SIGN_IDENTITY = "iPhone Developer";
				GCC_PRECOMPILE_PREFIX_HEADER = YES;
				GCC_PREFIX_HEADER = "$(SRCROOT)/$(TARGET_NAME)/PrefixHeader.pch";
				INFOPLIST_FILE = MicroBang/Info.plist;
				LD_RUNPATH_SEARCH_PATHS = "$(inherited) @executable_path/Frameworks";
				PRODUCT_BUNDLE_IDENTIFIER = com.youku.liveshow;
				PRODUCT_NAME = "微泡";
			};
			name = Debug;
		};
		355BBDFE1C701AEE000CD082 /* Release */ = {
			isa = XCBuildConfiguration;
			baseConfigurationReference = DCB9147D8380E28D337D2EB0 /* Pods-MicroBang.release.xcconfig */;
			buildSettings = {
				ASSETCATALOG_COMPILER_APPICON_NAME = AppIcon;
				CODE_SIGN_IDENTITY = "iPhone Developer";
				GCC_PRECOMPILE_PREFIX_HEADER = YES;
				GCC_PREFIX_HEADER = "$(SRCROOT)/$(TARGET_NAME)/PrefixHeader.pch";
				INFOPLIST_FILE = MicroBang/Info.plist;
				LD_RUNPATH_SEARCH_PATHS = "$(inherited) @executable_path/Frameworks";
				PRODUCT_BUNDLE_IDENTIFIER = com.youku.liveshow;
				PRODUCT_NAME = "微泡";
			};
			name = Release;
		};
/* End XCBuildConfiguration section */

/* Begin XCConfigurationList section */
		355BBDE01C701AEE000CD082 /* Build configuration list for PBXProject "MicroBang" */ = {
			isa = XCConfigurationList;
			buildConfigurations = (
				355BBDFA1C701AEE000CD082 /* Debug */,
				355BBDFB1C701AEE000CD082 /* Release */,
			);
			defaultConfigurationIsVisible = 0;
			defaultConfigurationName = Release;
		};
		355BBDFC1C701AEE000CD082 /* Build configuration list for PBXNativeTarget "MicroBang" */ = {
			isa = XCConfigurationList;
			buildConfigurations = (
				355BBDFD1C701AEE000CD082 /* Debug */,
				355BBDFE1C701AEE000CD082 /* Release */,
			);
			defaultConfigurationIsVisible = 0;
			defaultConfigurationName = Release;
		};
/* End XCConfigurationList section */

/* Begin XCVersionGroup section */
		B8281E2F1D2620770047F8F1 /* Model.xcdatamodeld */ = {
			isa = XCVersionGroup;
			children = (
				B8281E301D2620770047F8F1 /* Model.xcdatamodel */,
			);
			currentVersion = B8281E301D2620770047F8F1 /* Model.xcdatamodel */;
			path = Model.xcdatamodeld;
			sourceTree = "<group>";
			versionGroupType = wrapper.xcdatamodel;
		};
/* End XCVersionGroup section */
	};
	rootObject = 355BBDDD1C701AEE000CD082 /* Project object */;
}
