// !$*UTF8*$!
{
	archiveVersion = 1;
	classes = {
	};
	objectVersion = 46;
	objects = {

/* Begin PBXBuildFile section */
		355BBDEA1C701AEE000CD082 /* main.m in Sources */ = {isa = PBXBuildFile; fileRef = 355BBDE91C701AEE000CD082 /* main.m */; };
		355BBDED1C701AEE000CD082 /* AppDelegate.m in Sources */ = {isa = PBXBuildFile; fileRef = 355BBDEC1C701AEE000CD082 /* AppDelegate.m */; };
		355BBDF01C701AEE000CD082 /* ViewController.m in Sources */ = {isa = PBXBuildFile; fileRef = 355BBDEF1C701AEE000CD082 /* ViewController.m */; };
		355BBDF31C701AEE000CD082 /* Main.storyboard in Resources */ = {isa = PBXBuildFile; fileRef = 355BBDF11C701AEE000CD082 /* Main.storyboard */; };
		355BBDF51C701AEE000CD082 /* Assets.xcassets in Resources */ = {isa = PBXBuildFile; fileRef = 355BBDF41C701AEE000CD082 /* Assets.xcassets */; };
		355BBDF81C701AEE000CD082 /* LaunchScreen.storyboard in Resources */ = {isa = PBXBuildFile; fileRef = 355BBDF61C701AEE000CD082 /* LaunchScreen.storyboard */; };
		355BBE061C701F63000CD082 /* MBBaseViewController.m in Sources */ = {isa = PBXBuildFile; fileRef = 355BBE051C701F63000CD082 /* MBBaseViewController.m */; };
		355BBE091C701FD9000CD082 /* MBBaseNavigationController.m in Sources */ = {isa = PBXBuildFile; fileRef = 355BBE081C701FD9000CD082 /* MBBaseNavigationController.m */; };
		355BBE0D1C7025EE000CD082 /* MBBaseTabBarController.m in Sources */ = {isa = PBXBuildFile; fileRef = 355BBE0C1C7025EE000CD082 /* MBBaseTabBarController.m */; };
		355BBE141C70334C000CD082 /* MBNearListViewController.m in Sources */ = {isa = PBXBuildFile; fileRef = 355BBE131C70334C000CD082 /* MBNearListViewController.m */; };
		355BBE171C703384000CD082 /* MBNearMapViewController.m in Sources */ = {isa = PBXBuildFile; fileRef = 355BBE161C703384000CD082 /* MBNearMapViewController.m */; };
		355BBE1A1C703436000CD082 /* MBBaseNaviBar.m in Sources */ = {isa = PBXBuildFile; fileRef = 355BBE191C703436000CD082 /* MBBaseNaviBar.m */; };
		355BBE201C70532D000CD082 /* MBPeopleInfoTableViewCell.m in Sources */ = {isa = PBXBuildFile; fileRef = 355BBE1F1C70532D000CD082 /* MBPeopleInfoTableViewCell.m */; };
		355BBE221C705902000CD082 /* bb.jpg in Resources */ = {isa = PBXBuildFile; fileRef = 355BBE211C705902000CD082 /* bb.jpg */; };
		355BBE261C70732E000CD082 /* MBActivityIndexViewController.m in Sources */ = {isa = PBXBuildFile; fileRef = 355BBE251C70732E000CD082 /* MBActivityIndexViewController.m */; };
		355BBE291C7080D2000CD082 /* MBPersonIndexViewController.m in Sources */ = {isa = PBXBuildFile; fileRef = 355BBE281C7080D2000CD082 /* MBPersonIndexViewController.m */; };
		355BBE2C1C708950000CD082 /* MBRecentSituationView.m in Sources */ = {isa = PBXBuildFile; fileRef = 355BBE2B1C708950000CD082 /* MBRecentSituationView.m */; };
		355BBE2F1C708AB4000CD082 /* MBRecentComeView.m in Sources */ = {isa = PBXBuildFile; fileRef = 355BBE2E1C708AB4000CD082 /* MBRecentComeView.m */; };
		355BBE321C708ADE000CD082 /* MBSetupView.m in Sources */ = {isa = PBXBuildFile; fileRef = 355BBE311C708ADE000CD082 /* MBSetupView.m */; };
		355BBE351C708F30000CD082 /* MBHelpView.m in Sources */ = {isa = PBXBuildFile; fileRef = 355BBE341C708F30000CD082 /* MBHelpView.m */; };
		355BBE381C709220000CD082 /* MBRecentSituationTableViewCell.m in Sources */ = {isa = PBXBuildFile; fileRef = 355BBE371C709220000CD082 /* MBRecentSituationTableViewCell.m */; };
		355BBE3B1C71C595000CD082 /* MBShakerViewController.m in Sources */ = {isa = PBXBuildFile; fileRef = 355BBE3A1C71C595000CD082 /* MBShakerViewController.m */; };
		355BBE3D1C71D563000CD082 /* bg_yaoyao_under.png in Resources */ = {isa = PBXBuildFile; fileRef = 355BBE3C1C71D563000CD082 /* bg_yaoyao_under.png */; };
		355BBE3F1C71D571000CD082 /* bg_yaoyao_above.png in Resources */ = {isa = PBXBuildFile; fileRef = 355BBE3E1C71D571000CD082 /* bg_yaoyao_above.png */; };
		355BBE411C71D57C000CD082 /* bg_shaking.png in Resources */ = {isa = PBXBuildFile; fileRef = 355BBE401C71D57C000CD082 /* bg_shaking.png */; };
		355BBE441C71D615000CD082 /* UIView+LZ.m in Sources */ = {isa = PBXBuildFile; fileRef = 355BBE431C71D615000CD082 /* UIView+LZ.m */; };
		355BBE491C71DA2A000CD082 /* Shake_01.png in Resources */ = {isa = PBXBuildFile; fileRef = 355BBE451C71DA2A000CD082 /* Shake_01.png */; };
		355BBE4A1C71DA2A000CD082 /* Shake_01@2x.png in Resources */ = {isa = PBXBuildFile; fileRef = 355BBE461C71DA2A000CD082 /* Shake_01@2x.png */; };
		355BBE4B1C71DA2A000CD082 /* Shake_02.png in Resources */ = {isa = PBXBuildFile; fileRef = 355BBE471C71DA2A000CD082 /* Shake_02.png */; };
		355BBE4C1C71DA2A000CD082 /* Shake_02@2x.png in Resources */ = {isa = PBXBuildFile; fileRef = 355BBE481C71DA2A000CD082 /* Shake_02@2x.png */; };
		F7F4319A2AA0CA2B1D4A482F /* libPods-MicroBang.a in Frameworks */ = {isa = PBXBuildFile; fileRef = 0578326EB56912D96F61DB52 /* libPods-MicroBang.a */; };
/* End PBXBuildFile section */

/* Begin PBXFileReference section */
		0578326EB56912D96F61DB52 /* libPods-MicroBang.a */ = {isa = PBXFileReference; explicitFileType = archive.ar; includeInIndex = 0; path = "libPods-MicroBang.a"; sourceTree = BUILT_PRODUCTS_DIR; };
		355BBDE51C701AEE000CD082 /* MicroBang.app */ = {isa = PBXFileReference; explicitFileType = wrapper.application; includeInIndex = 0; path = MicroBang.app; sourceTree = BUILT_PRODUCTS_DIR; };
		355BBDE91C701AEE000CD082 /* main.m */ = {isa = PBXFileReference; lastKnownFileType = sourcecode.c.objc; path = main.m; sourceTree = "<group>"; };
		355BBDEB1C701AEE000CD082 /* AppDelegate.h */ = {isa = PBXFileReference; lastKnownFileType = sourcecode.c.h; path = AppDelegate.h; sourceTree = "<group>"; };
		355BBDEC1C701AEE000CD082 /* AppDelegate.m */ = {isa = PBXFileReference; lastKnownFileType = sourcecode.c.objc; path = AppDelegate.m; sourceTree = "<group>"; };
		355BBDEE1C701AEE000CD082 /* ViewController.h */ = {isa = PBXFileReference; lastKnownFileType = sourcecode.c.h; path = ViewController.h; sourceTree = "<group>"; };
		355BBDEF1C701AEE000CD082 /* ViewController.m */ = {isa = PBXFileReference; lastKnownFileType = sourcecode.c.objc; path = ViewController.m; sourceTree = "<group>"; };
		355BBDF21C701AEE000CD082 /* Base */ = {isa = PBXFileReference; lastKnownFileType = file.storyboard; name = Base; path = Base.lproj/Main.storyboard; sourceTree = "<group>"; };
		355BBDF41C701AEE000CD082 /* Assets.xcassets */ = {isa = PBXFileReference; lastKnownFileType = folder.assetcatalog; path = Assets.xcassets; sourceTree = "<group>"; };
		355BBDF71C701AEE000CD082 /* Base */ = {isa = PBXFileReference; lastKnownFileType = file.storyboard; name = Base; path = Base.lproj/LaunchScreen.storyboard; sourceTree = "<group>"; };
		355BBDF91C701AEE000CD082 /* Info.plist */ = {isa = PBXFileReference; lastKnownFileType = text.plist.xml; path = Info.plist; sourceTree = "<group>"; };
		355BBE041C701F63000CD082 /* MBBaseViewController.h */ = {isa = PBXFileReference; fileEncoding = 4; lastKnownFileType = sourcecode.c.h; path = MBBaseViewController.h; sourceTree = "<group>"; };
		355BBE051C701F63000CD082 /* MBBaseViewController.m */ = {isa = PBXFileReference; fileEncoding = 4; lastKnownFileType = sourcecode.c.objc; path = MBBaseViewController.m; sourceTree = "<group>"; };
		355BBE071C701FD9000CD082 /* MBBaseNavigationController.h */ = {isa = PBXFileReference; fileEncoding = 4; lastKnownFileType = sourcecode.c.h; path = MBBaseNavigationController.h; sourceTree = "<group>"; };
		355BBE081C701FD9000CD082 /* MBBaseNavigationController.m */ = {isa = PBXFileReference; fileEncoding = 4; lastKnownFileType = sourcecode.c.objc; path = MBBaseNavigationController.m; sourceTree = "<group>"; };
		355BBE0A1C70234A000CD082 /* PrefixHeader.pch */ = {isa = PBXFileReference; lastKnownFileType = sourcecode.c.h; path = PrefixHeader.pch; sourceTree = "<group>"; };
		355BBE0B1C7025EE000CD082 /* MBBaseTabBarController.h */ = {isa = PBXFileReference; fileEncoding = 4; lastKnownFileType = sourcecode.c.h; path = MBBaseTabBarController.h; sourceTree = "<group>"; };
		355BBE0C1C7025EE000CD082 /* MBBaseTabBarController.m */ = {isa = PBXFileReference; fileEncoding = 4; lastKnownFileType = sourcecode.c.objc; path = MBBaseTabBarController.m; sourceTree = "<group>"; };
		355BBE121C70334C000CD082 /* MBNearListViewController.h */ = {isa = PBXFileReference; fileEncoding = 4; lastKnownFileType = sourcecode.c.h; path = MBNearListViewController.h; sourceTree = "<group>"; };
		355BBE131C70334C000CD082 /* MBNearListViewController.m */ = {isa = PBXFileReference; fileEncoding = 4; lastKnownFileType = sourcecode.c.objc; path = MBNearListViewController.m; sourceTree = "<group>"; };
		355BBE151C703384000CD082 /* MBNearMapViewController.h */ = {isa = PBXFileReference; fileEncoding = 4; lastKnownFileType = sourcecode.c.h; path = MBNearMapViewController.h; sourceTree = "<group>"; };
		355BBE161C703384000CD082 /* MBNearMapViewController.m */ = {isa = PBXFileReference; fileEncoding = 4; lastKnownFileType = sourcecode.c.objc; path = MBNearMapViewController.m; sourceTree = "<group>"; };
		355BBE181C703436000CD082 /* MBBaseNaviBar.h */ = {isa = PBXFileReference; fileEncoding = 4; lastKnownFileType = sourcecode.c.h; path = MBBaseNaviBar.h; sourceTree = "<group>"; };
		355BBE191C703436000CD082 /* MBBaseNaviBar.m */ = {isa = PBXFileReference; fileEncoding = 4; lastKnownFileType = sourcecode.c.objc; path = MBBaseNaviBar.m; sourceTree = "<group>"; };
		355BBE1E1C70532D000CD082 /* MBPeopleInfoTableViewCell.h */ = {isa = PBXFileReference; fileEncoding = 4; lastKnownFileType = sourcecode.c.h; path = MBPeopleInfoTableViewCell.h; sourceTree = "<group>"; };
		355BBE1F1C70532D000CD082 /* MBPeopleInfoTableViewCell.m */ = {isa = PBXFileReference; fileEncoding = 4; lastKnownFileType = sourcecode.c.objc; path = MBPeopleInfoTableViewCell.m; sourceTree = "<group>"; };
		355BBE211C705902000CD082 /* bb.jpg */ = {isa = PBXFileReference; lastKnownFileType = image.jpeg; path = bb.jpg; sourceTree = "<group>"; };
		355BBE241C70732E000CD082 /* MBActivityIndexViewController.h */ = {isa = PBXFileReference; fileEncoding = 4; lastKnownFileType = sourcecode.c.h; path = MBActivityIndexViewController.h; sourceTree = "<group>"; };
		355BBE251C70732E000CD082 /* MBActivityIndexViewController.m */ = {isa = PBXFileReference; fileEncoding = 4; lastKnownFileType = sourcecode.c.objc; path = MBActivityIndexViewController.m; sourceTree = "<group>"; };
		355BBE271C7080D2000CD082 /* MBPersonIndexViewController.h */ = {isa = PBXFileReference; fileEncoding = 4; lastKnownFileType = sourcecode.c.h; path = MBPersonIndexViewController.h; sourceTree = "<group>"; };
		355BBE281C7080D2000CD082 /* MBPersonIndexViewController.m */ = {isa = PBXFileReference; fileEncoding = 4; lastKnownFileType = sourcecode.c.objc; path = MBPersonIndexViewController.m; sourceTree = "<group>"; };
		355BBE2A1C708950000CD082 /* MBRecentSituationView.h */ = {isa = PBXFileReference; fileEncoding = 4; lastKnownFileType = sourcecode.c.h; path = MBRecentSituationView.h; sourceTree = "<group>"; };
		355BBE2B1C708950000CD082 /* MBRecentSituationView.m */ = {isa = PBXFileReference; fileEncoding = 4; lastKnownFileType = sourcecode.c.objc; path = MBRecentSituationView.m; sourceTree = "<group>"; };
		355BBE2D1C708AB4000CD082 /* MBRecentComeView.h */ = {isa = PBXFileReference; fileEncoding = 4; lastKnownFileType = sourcecode.c.h; path = MBRecentComeView.h; sourceTree = "<group>"; };
		355BBE2E1C708AB4000CD082 /* MBRecentComeView.m */ = {isa = PBXFileReference; fileEncoding = 4; lastKnownFileType = sourcecode.c.objc; path = MBRecentComeView.m; sourceTree = "<group>"; };
		355BBE301C708ADE000CD082 /* MBSetupView.h */ = {isa = PBXFileReference; fileEncoding = 4; lastKnownFileType = sourcecode.c.h; path = MBSetupView.h; sourceTree = "<group>"; };
		355BBE311C708ADE000CD082 /* MBSetupView.m */ = {isa = PBXFileReference; fileEncoding = 4; lastKnownFileType = sourcecode.c.objc; path = MBSetupView.m; sourceTree = "<group>"; };
		355BBE331C708F30000CD082 /* MBHelpView.h */ = {isa = PBXFileReference; fileEncoding = 4; lastKnownFileType = sourcecode.c.h; path = MBHelpView.h; sourceTree = "<group>"; };
		355BBE341C708F30000CD082 /* MBHelpView.m */ = {isa = PBXFileReference; fileEncoding = 4; lastKnownFileType = sourcecode.c.objc; path = MBHelpView.m; sourceTree = "<group>"; };
		355BBE361C709220000CD082 /* MBRecentSituationTableViewCell.h */ = {isa = PBXFileReference; fileEncoding = 4; lastKnownFileType = sourcecode.c.h; path = MBRecentSituationTableViewCell.h; sourceTree = "<group>"; };
		355BBE371C709220000CD082 /* MBRecentSituationTableViewCell.m */ = {isa = PBXFileReference; fileEncoding = 4; lastKnownFileType = sourcecode.c.objc; path = MBRecentSituationTableViewCell.m; sourceTree = "<group>"; };
		355BBE391C71C595000CD082 /* MBShakerViewController.h */ = {isa = PBXFileReference; fileEncoding = 4; lastKnownFileType = sourcecode.c.h; path = MBShakerViewController.h; sourceTree = "<group>"; };
		355BBE3A1C71C595000CD082 /* MBShakerViewController.m */ = {isa = PBXFileReference; fileEncoding = 4; lastKnownFileType = sourcecode.c.objc; path = MBShakerViewController.m; sourceTree = "<group>"; };
		355BBE3C1C71D563000CD082 /* bg_yaoyao_under.png */ = {isa = PBXFileReference; lastKnownFileType = image.png; path = bg_yaoyao_under.png; sourceTree = "<group>"; };
		355BBE3E1C71D571000CD082 /* bg_yaoyao_above.png */ = {isa = PBXFileReference; lastKnownFileType = image.png; path = bg_yaoyao_above.png; sourceTree = "<group>"; };
		355BBE401C71D57C000CD082 /* bg_shaking.png */ = {isa = PBXFileReference; lastKnownFileType = image.png; path = bg_shaking.png; sourceTree = "<group>"; };
		355BBE421C71D615000CD082 /* UIView+LZ.h */ = {isa = PBXFileReference; fileEncoding = 4; lastKnownFileType = sourcecode.c.h; path = "UIView+LZ.h"; sourceTree = "<group>"; };
		355BBE431C71D615000CD082 /* UIView+LZ.m */ = {isa = PBXFileReference; fileEncoding = 4; lastKnownFileType = sourcecode.c.objc; path = "UIView+LZ.m"; sourceTree = "<group>"; };
		355BBE451C71DA2A000CD082 /* Shake_01.png */ = {isa = PBXFileReference; lastKnownFileType = image.png; path = Shake_01.png; sourceTree = "<group>"; };
		355BBE461C71DA2A000CD082 /* Shake_01@2x.png */ = {isa = PBXFileReference; lastKnownFileType = image.png; path = "Shake_01@2x.png"; sourceTree = "<group>"; };
		355BBE471C71DA2A000CD082 /* Shake_02.png */ = {isa = PBXFileReference; lastKnownFileType = image.png; path = Shake_02.png; sourceTree = "<group>"; };
		355BBE481C71DA2A000CD082 /* Shake_02@2x.png */ = {isa = PBXFileReference; lastKnownFileType = image.png; path = "Shake_02@2x.png"; sourceTree = "<group>"; };
		A66939EBD304926FBA05DC06 /* Pods-MicroBang.debug.xcconfig */ = {isa = PBXFileReference; includeInIndex = 1; lastKnownFileType = text.xcconfig; name = "Pods-MicroBang.debug.xcconfig"; path = "Pods/Target Support Files/Pods-MicroBang/Pods-MicroBang.debug.xcconfig"; sourceTree = "<group>"; };
		DCB9147D8380E28D337D2EB0 /* Pods-MicroBang.release.xcconfig */ = {isa = PBXFileReference; includeInIndex = 1; lastKnownFileType = text.xcconfig; name = "Pods-MicroBang.release.xcconfig"; path = "Pods/Target Support Files/Pods-MicroBang/Pods-MicroBang.release.xcconfig"; sourceTree = "<group>"; };
/* End PBXFileReference section */

/* Begin PBXFrameworksBuildPhase section */
		355BBDE21C701AEE000CD082 /* Frameworks */ = {
			isa = PBXFrameworksBuildPhase;
			buildActionMask = 2147483647;
			files = (
				F7F4319A2AA0CA2B1D4A482F /* libPods-MicroBang.a in Frameworks */,
			);
			runOnlyForDeploymentPostprocessing = 0;
		};
/* End PBXFrameworksBuildPhase section */

/* Begin PBXGroup section */
		054E2A775ECFBE8891CA2363 /* Pods */ = {
			isa = PBXGroup;
			children = (
				A66939EBD304926FBA05DC06 /* Pods-MicroBang.debug.xcconfig */,
				DCB9147D8380E28D337D2EB0 /* Pods-MicroBang.release.xcconfig */,
			);
			name = Pods;
			sourceTree = "<group>";
		};
		355BBDDC1C701AEE000CD082 = {
			isa = PBXGroup;
			children = (
				355BBDE71C701AEE000CD082 /* MicroBang */,
				355BBDE61C701AEE000CD082 /* Products */,
				054E2A775ECFBE8891CA2363 /* Pods */,
				64F33B477441DD84C6A19076 /* Frameworks */,
			);
			sourceTree = "<group>";
		};
		355BBDE61C701AEE000CD082 /* Products */ = {
			isa = PBXGroup;
			children = (
				355BBDE51C701AEE000CD082 /* MicroBang.app */,
			);
			name = Products;
			sourceTree = "<group>";
		};
		355BBDE71C701AEE000CD082 /* MicroBang */ = {
			isa = PBXGroup;
			children = (
				355BBE231C70644A000CD082 /* CustomView */,
				355BBE1D1C7051D1000CD082 /* Cell */,
				355BBE031C701F2B000CD082 /* Base */,
				355BBDFF1C701F08000CD082 /* Image */,
				355BBE001C701F08000CD082 /* Util */,
				355BBE011C701F08000CD082 /* Vendors */,
				355BBE021C701F08000CD082 /* ViewControllers */,
				355BBDEB1C701AEE000CD082 /* AppDelegate.h */,
				355BBDEC1C701AEE000CD082 /* AppDelegate.m */,
				355BBE0A1C70234A000CD082 /* PrefixHeader.pch */,
				355BBDEE1C701AEE000CD082 /* ViewController.h */,
				355BBDEF1C701AEE000CD082 /* ViewController.m */,
				355BBDF11C701AEE000CD082 /* Main.storyboard */,
				355BBDF41C701AEE000CD082 /* Assets.xcassets */,
				355BBDF61C701AEE000CD082 /* LaunchScreen.storyboard */,
				355BBDF91C701AEE000CD082 /* Info.plist */,
				355BBDE81C701AEE000CD082 /* Supporting Files */,
			);
			path = MicroBang;
			sourceTree = "<group>";
		};
		355BBDE81C701AEE000CD082 /* Supporting Files */ = {
			isa = PBXGroup;
			children = (
				355BBDE91C701AEE000CD082 /* main.m */,
			);
			name = "Supporting Files";
			sourceTree = "<group>";
		};
		355BBDFF1C701F08000CD082 /* Image */ = {
			isa = PBXGroup;
			children = (
				355BBE3C1C71D563000CD082 /* bg_yaoyao_under.png */,
				355BBE401C71D57C000CD082 /* bg_shaking.png */,
				355BBE3E1C71D571000CD082 /* bg_yaoyao_above.png */,
				355BBE211C705902000CD082 /* bb.jpg */,
				355BBE451C71DA2A000CD082 /* Shake_01.png */,
				355BBE461C71DA2A000CD082 /* Shake_01@2x.png */,
				355BBE471C71DA2A000CD082 /* Shake_02.png */,
				355BBE481C71DA2A000CD082 /* Shake_02@2x.png */,
			);
			path = Image;
			sourceTree = "<group>";
		};
		355BBE001C701F08000CD082 /* Util */ = {
			isa = PBXGroup;
			children = (
				355BBE421C71D615000CD082 /* UIView+LZ.h */,
				355BBE431C71D615000CD082 /* UIView+LZ.m */,
			);
			path = Util;
			sourceTree = "<group>";
		};
		355BBE011C701F08000CD082 /* Vendors */ = {
			isa = PBXGroup;
			children = (
			);
			path = Vendors;
			sourceTree = "<group>";
		};
		355BBE021C701F08000CD082 /* ViewControllers */ = {
			isa = PBXGroup;
			children = (
				355BBE0E1C702757000CD082 /* Activity */,
				355BBE0F1C702757000CD082 /* Message */,
				355BBE101C702757000CD082 /* Near */,
				355BBE111C702757000CD082 /* Personal */,
			);
			path = ViewControllers;
			sourceTree = "<group>";
		};
		355BBE031C701F2B000CD082 /* Base */ = {
			isa = PBXGroup;
			children = (
				355BBE041C701F63000CD082 /* MBBaseViewController.h */,
				355BBE051C701F63000CD082 /* MBBaseViewController.m */,
				355BBE071C701FD9000CD082 /* MBBaseNavigationController.h */,
				355BBE081C701FD9000CD082 /* MBBaseNavigationController.m */,
				355BBE0B1C7025EE000CD082 /* MBBaseTabBarController.h */,
				355BBE0C1C7025EE000CD082 /* MBBaseTabBarController.m */,
				355BBE181C703436000CD082 /* MBBaseNaviBar.h */,
				355BBE191C703436000CD082 /* MBBaseNaviBar.m */,
			);
			path = Base;
			sourceTree = "<group>";
		};
		355BBE0E1C702757000CD082 /* Activity */ = {
			isa = PBXGroup;
			children = (
				355BBE241C70732E000CD082 /* MBActivityIndexViewController.h */,
				355BBE251C70732E000CD082 /* MBActivityIndexViewController.m */,
				355BBE391C71C595000CD082 /* MBShakerViewController.h */,
				355BBE3A1C71C595000CD082 /* MBShakerViewController.m */,
			);
			path = Activity;
			sourceTree = "<group>";
		};
		355BBE0F1C702757000CD082 /* Message */ = {
			isa = PBXGroup;
			children = (
			);
			path = Message;
			sourceTree = "<group>";
		};
		355BBE101C702757000CD082 /* Near */ = {
			isa = PBXGroup;
			children = (
				355BBE121C70334C000CD082 /* MBNearListViewController.h */,
				355BBE131C70334C000CD082 /* MBNearListViewController.m */,
				355BBE151C703384000CD082 /* MBNearMapViewController.h */,
				355BBE161C703384000CD082 /* MBNearMapViewController.m */,
			);
			path = Near;
			sourceTree = "<group>";
		};
		355BBE111C702757000CD082 /* Personal */ = {
			isa = PBXGroup;
			children = (
				355BBE271C7080D2000CD082 /* MBPersonIndexViewController.h */,
				355BBE281C7080D2000CD082 /* MBPersonIndexViewController.m */,
			);
			path = Personal;
			sourceTree = "<group>";
		};
		355BBE1D1C7051D1000CD082 /* Cell */ = {
			isa = PBXGroup;
			children = (
				355BBE1E1C70532D000CD082 /* MBPeopleInfoTableViewCell.h */,
				355BBE1F1C70532D000CD082 /* MBPeopleInfoTableViewCell.m */,
				355BBE361C709220000CD082 /* MBRecentSituationTableViewCell.h */,
				355BBE371C709220000CD082 /* MBRecentSituationTableViewCell.m */,
			);
			path = Cell;
			sourceTree = "<group>";
		};
		355BBE231C70644A000CD082 /* CustomView */ = {
			isa = PBXGroup;
			children = (
				355BBE2A1C708950000CD082 /* MBRecentSituationView.h */,
				355BBE2B1C708950000CD082 /* MBRecentSituationView.m */,
				355BBE2D1C708AB4000CD082 /* MBRecentComeView.h */,
				355BBE2E1C708AB4000CD082 /* MBRecentComeView.m */,
				355BBE301C708ADE000CD082 /* MBSetupView.h */,
				355BBE311C708ADE000CD082 /* MBSetupView.m */,
				355BBE331C708F30000CD082 /* MBHelpView.h */,
				355BBE341C708F30000CD082 /* MBHelpView.m */,
			);
			path = CustomView;
			sourceTree = "<group>";
		};
		64F33B477441DD84C6A19076 /* Frameworks */ = {
			isa = PBXGroup;
			children = (
				0578326EB56912D96F61DB52 /* libPods-MicroBang.a */,
			);
			name = Frameworks;
			sourceTree = "<group>";
		};
/* End PBXGroup section */

/* Begin PBXNativeTarget section */
		355BBDE41C701AEE000CD082 /* MicroBang */ = {
			isa = PBXNativeTarget;
			buildConfigurationList = 355BBDFC1C701AEE000CD082 /* Build configuration list for PBXNativeTarget "MicroBang" */;
			buildPhases = (
				3AB3D627A05277B1AEF89156 /* Check Pods Manifest.lock */,
				355BBDE11C701AEE000CD082 /* Sources */,
				355BBDE21C701AEE000CD082 /* Frameworks */,
				355BBDE31C701AEE000CD082 /* Resources */,
				886F1A3C61E948125A8CA1BD /* Embed Pods Frameworks */,
				BE845450F5B210D1CBE50CEA /* Copy Pods Resources */,
			);
			buildRules = (
			);
			dependencies = (
			);
			name = MicroBang;
			productName = MicroBang;
			productReference = 355BBDE51C701AEE000CD082 /* MicroBang.app */;
			productType = "com.apple.product-type.application";
		};
/* End PBXNativeTarget section */

/* Begin PBXProject section */
		355BBDDD1C701AEE000CD082 /* Project object */ = {
			isa = PBXProject;
			attributes = {
				LastUpgradeCheck = 0720;
				ORGANIZATIONNAME = leon;
				TargetAttributes = {
					355BBDE41C701AEE000CD082 = {
						CreatedOnToolsVersion = 7.2;
						DevelopmentTeam = S2R8NYYB9E;
					};
				};
			};
			buildConfigurationList = 355BBDE01C701AEE000CD082 /* Build configuration list for PBXProject "MicroBang" */;
			compatibilityVersion = "Xcode 3.2";
			developmentRegion = English;
			hasScannedForEncodings = 0;
			knownRegions = (
				en,
				Base,
			);
			mainGroup = 355BBDDC1C701AEE000CD082;
			productRefGroup = 355BBDE61C701AEE000CD082 /* Products */;
			projectDirPath = "";
			projectRoot = "";
			targets = (
				355BBDE41C701AEE000CD082 /* MicroBang */,
			);
		};
/* End PBXProject section */

/* Begin PBXResourcesBuildPhase section */
		355BBDE31C701AEE000CD082 /* Resources */ = {
			isa = PBXResourcesBuildPhase;
			buildActionMask = 2147483647;
			files = (
				355BBE411C71D57C000CD082 /* bg_shaking.png in Resources */,
				355BBDF81C701AEE000CD082 /* LaunchScreen.storyboard in Resources */,
				355BBDF51C701AEE000CD082 /* Assets.xcassets in Resources */,
				355BBE491C71DA2A000CD082 /* Shake_01.png in Resources */,
				355BBE3F1C71D571000CD082 /* bg_yaoyao_above.png in Resources */,
				355BBE221C705902000CD082 /* bb.jpg in Resources */,
				355BBE4C1C71DA2A000CD082 /* Shake_02@2x.png in Resources */,
				355BBE4B1C71DA2A000CD082 /* Shake_02.png in Resources */,
				355BBDF31C701AEE000CD082 /* Main.storyboard in Resources */,
				355BBE3D1C71D563000CD082 /* bg_yaoyao_under.png in Resources */,
				355BBE4A1C71DA2A000CD082 /* Shake_01@2x.png in Resources */,
			);
			runOnlyForDeploymentPostprocessing = 0;
		};
/* End PBXResourcesBuildPhase section */

/* Begin PBXShellScriptBuildPhase section */
		3AB3D627A05277B1AEF89156 /* Check Pods Manifest.lock */ = {
			isa = PBXShellScriptBuildPhase;
			buildActionMask = 2147483647;
			files = (
			);
			inputPaths = (
			);
			name = "Check Pods Manifest.lock";
			outputPaths = (
			);
			runOnlyForDeploymentPostprocessing = 0;
			shellPath = /bin/sh;
			shellScript = "diff \"${PODS_ROOT}/../Podfile.lock\" \"${PODS_ROOT}/Manifest.lock\" > /dev/null\nif [[ $? != 0 ]] ; then\n    cat << EOM\nerror: The sandbox is not in sync with the Podfile.lock. Run 'pod install' or update your CocoaPods installation.\nEOM\n    exit 1\nfi\n";
			showEnvVarsInLog = 0;
		};
		886F1A3C61E948125A8CA1BD /* Embed Pods Frameworks */ = {
			isa = PBXShellScriptBuildPhase;
			buildActionMask = 2147483647;
			files = (
			);
			inputPaths = (
			);
			name = "Embed Pods Frameworks";
			outputPaths = (
			);
			runOnlyForDeploymentPostprocessing = 0;
			shellPath = /bin/sh;
			shellScript = "\"${SRCROOT}/Pods/Target Support Files/Pods-MicroBang/Pods-MicroBang-frameworks.sh\"\n";
			showEnvVarsInLog = 0;
		};
		BE845450F5B210D1CBE50CEA /* Copy Pods Resources */ = {
			isa = PBXShellScriptBuildPhase;
			buildActionMask = 2147483647;
			files = (
			);
			inputPaths = (
			);
			name = "Copy Pods Resources";
			outputPaths = (
			);
			runOnlyForDeploymentPostprocessing = 0;
			shellPath = /bin/sh;
			shellScript = "\"${SRCROOT}/Pods/Target Support Files/Pods-MicroBang/Pods-MicroBang-resources.sh\"\n";
			showEnvVarsInLog = 0;
		};
/* End PBXShellScriptBuildPhase section */

/* Begin PBXSourcesBuildPhase section */
		355BBDE11C701AEE000CD082 /* Sources */ = {
			isa = PBXSourcesBuildPhase;
			buildActionMask = 2147483647;
			files = (
				355BBE441C71D615000CD082 /* UIView+LZ.m in Sources */,
				355BBDF01C701AEE000CD082 /* ViewController.m in Sources */,
				355BBE321C708ADE000CD082 /* MBSetupView.m in Sources */,
				355BBE141C70334C000CD082 /* MBNearListViewController.m in Sources */,
				355BBE1A1C703436000CD082 /* MBBaseNaviBar.m in Sources */,
				355BBE201C70532D000CD082 /* MBPeopleInfoTableViewCell.m in Sources */,
				355BBE3B1C71C595000CD082 /* MBShakerViewController.m in Sources */,
				355BBDED1C701AEE000CD082 /* AppDelegate.m in Sources */,
				355BBE291C7080D2000CD082 /* MBPersonIndexViewController.m in Sources */,
				355BBE2F1C708AB4000CD082 /* MBRecentComeView.m in Sources */,
				355BBE061C701F63000CD082 /* MBBaseViewController.m in Sources */,
				355BBE2C1C708950000CD082 /* MBRecentSituationView.m in Sources */,
				355BBE351C708F30000CD082 /* MBHelpView.m in Sources */,
				355BBDEA1C701AEE000CD082 /* main.m in Sources */,
				355BBE381C709220000CD082 /* MBRecentSituationTableViewCell.m in Sources */,
				355BBE091C701FD9000CD082 /* MBBaseNavigationController.m in Sources */,
				355BBE261C70732E000CD082 /* MBActivityIndexViewController.m in Sources */,
				355BBE171C703384000CD082 /* MBNearMapViewController.m in Sources */,
				355BBE0D1C7025EE000CD082 /* MBBaseTabBarController.m in Sources */,
			);
			runOnlyForDeploymentPostprocessing = 0;
		};
/* End PBXSourcesBuildPhase section */

/* Begin PBXVariantGroup section */
		355BBDF11C701AEE000CD082 /* Main.storyboard */ = {
			isa = PBXVariantGroup;
			children = (
				355BBDF21C701AEE000CD082 /* Base */,
			);
			name = Main.storyboard;
			sourceTree = "<group>";
		};
		355BBDF61C701AEE000CD082 /* LaunchScreen.storyboard */ = {
			isa = PBXVariantGroup;
			children = (
				355BBDF71C701AEE000CD082 /* Base */,
			);
			name = LaunchScreen.storyboard;
			sourceTree = "<group>";
		};
/* End PBXVariantGroup section */

/* Begin XCBuildConfiguration section */
		355BBDFA1C701AEE000CD082 /* Debug */ = {
			isa = XCBuildConfiguration;
			buildSettings = {
				ALWAYS_SEARCH_USER_PATHS = NO;
				CLANG_CXX_LANGUAGE_STANDARD = "gnu++0x";
				CLANG_CXX_LIBRARY = "libc++";
				CLANG_ENABLE_MODULES = YES;
				CLANG_ENABLE_OBJC_ARC = YES;
				CLANG_WARN_BOOL_CONVERSION = YES;
				CLANG_WARN_CONSTANT_CONVERSION = YES;
				CLANG_WARN_DIRECT_OBJC_ISA_USAGE = YES_ERROR;
				CLANG_WARN_EMPTY_BODY = YES;
				CLANG_WARN_ENUM_CONVERSION = YES;
				CLANG_WARN_INT_CONVERSION = YES;
				CLANG_WARN_OBJC_ROOT_CLASS = YES_ERROR;
				CLANG_WARN_UNREACHABLE_CODE = YES;
				CLANG_WARN__DUPLICATE_METHOD_MATCH = YES;
				"CODE_SIGN_IDENTITY[sdk=iphoneos*]" = "iPhone Developer";
				COPY_PHASE_STRIP = NO;
				DEBUG_INFORMATION_FORMAT = dwarf;
				ENABLE_STRICT_OBJC_MSGSEND = YES;
				ENABLE_TESTABILITY = YES;
				GCC_C_LANGUAGE_STANDARD = gnu99;
				GCC_DYNAMIC_NO_PIC = NO;
				GCC_NO_COMMON_BLOCKS = YES;
				GCC_OPTIMIZATION_LEVEL = 0;
				GCC_PREPROCESSOR_DEFINITIONS = (
					"DEBUG=1",
					"$(inherited)",
				);
				GCC_WARN_64_TO_32_BIT_CONVERSION = YES;
				GCC_WARN_ABOUT_RETURN_TYPE = YES_ERROR;
				GCC_WARN_UNDECLARED_SELECTOR = YES;
				GCC_WARN_UNINITIALIZED_AUTOS = YES_AGGRESSIVE;
				GCC_WARN_UNUSED_FUNCTION = YES;
				GCC_WARN_UNUSED_VARIABLE = YES;
				IPHONEOS_DEPLOYMENT_TARGET = 9.2;
				MTL_ENABLE_DEBUG_INFO = YES;
				ONLY_ACTIVE_ARCH = YES;
				SDKROOT = iphoneos;
			};
			name = Debug;
		};
		355BBDFB1C701AEE000CD082 /* Release */ = {
			isa = XCBuildConfiguration;
			buildSettings = {
				ALWAYS_SEARCH_USER_PATHS = NO;
				CLANG_CXX_LANGUAGE_STANDARD = "gnu++0x";
				CLANG_CXX_LIBRARY = "libc++";
				CLANG_ENABLE_MODULES = YES;
				CLANG_ENABLE_OBJC_ARC = YES;
				CLANG_WARN_BOOL_CONVERSION = YES;
				CLANG_WARN_CONSTANT_CONVERSION = YES;
				CLANG_WARN_DIRECT_OBJC_ISA_USAGE = YES_ERROR;
				CLANG_WARN_EMPTY_BODY = YES;
				CLANG_WARN_ENUM_CONVERSION = YES;
				CLANG_WARN_INT_CONVERSION = YES;
				CLANG_WARN_OBJC_ROOT_CLASS = YES_ERROR;
				CLANG_WARN_UNREACHABLE_CODE = YES;
				CLANG_WARN__DUPLICATE_METHOD_MATCH = YES;
				"CODE_SIGN_IDENTITY[sdk=iphoneos*]" = "iPhone Developer";
				COPY_PHASE_STRIP = NO;
				DEBUG_INFORMATION_FORMAT = "dwarf-with-dsym";
				ENABLE_NS_ASSERTIONS = NO;
				ENABLE_STRICT_OBJC_MSGSEND = YES;
				GCC_C_LANGUAGE_STANDARD = gnu99;
				GCC_NO_COMMON_BLOCKS = YES;
				GCC_WARN_64_TO_32_BIT_CONVERSION = YES;
				GCC_WARN_ABOUT_RETURN_TYPE = YES_ERROR;
				GCC_WARN_UNDECLARED_SELECTOR = YES;
				GCC_WARN_UNINITIALIZED_AUTOS = YES_AGGRESSIVE;
				GCC_WARN_UNUSED_FUNCTION = YES;
				GCC_WARN_UNUSED_VARIABLE = YES;
				IPHONEOS_DEPLOYMENT_TARGET = 9.2;
				MTL_ENABLE_DEBUG_INFO = NO;
				SDKROOT = iphoneos;
				VALIDATE_PRODUCT = YES;
			};
			name = Release;
		};
		355BBDFD1C701AEE000CD082 /* Debug */ = {
			isa = XCBuildConfiguration;
			baseConfigurationReference = A66939EBD304926FBA05DC06 /* Pods-MicroBang.debug.xcconfig */;
			buildSettings = {
				ASSETCATALOG_COMPILER_APPICON_NAME = AppIcon;
				GCC_PRECOMPILE_PREFIX_HEADER = YES;
				GCC_PREFIX_HEADER = "$(SRCROOT)/$(TARGET_NAME)/PrefixHeader.pch";
				INFOPLIST_FILE = MicroBang/Info.plist;
				LD_RUNPATH_SEARCH_PATHS = "$(inherited) @executable_path/Frameworks";
				PRODUCT_BUNDLE_IDENTIFIER = com.leon.microbang;
				PRODUCT_NAME = "$(TARGET_NAME)";
			};
			name = Debug;
		};
		355BBDFE1C701AEE000CD082 /* Release */ = {
			isa = XCBuildConfiguration;
			baseConfigurationReference = DCB9147D8380E28D337D2EB0 /* Pods-MicroBang.release.xcconfig */;
			buildSettings = {
				ASSETCATALOG_COMPILER_APPICON_NAME = AppIcon;
				GCC_PRECOMPILE_PREFIX_HEADER = YES;
				GCC_PREFIX_HEADER = "$(SRCROOT)/$(TARGET_NAME)/PrefixHeader.pch";
				INFOPLIST_FILE = MicroBang/Info.plist;
				LD_RUNPATH_SEARCH_PATHS = "$(inherited) @executable_path/Frameworks";
				PRODUCT_BUNDLE_IDENTIFIER = com.leon.microbang;
				PRODUCT_NAME = "$(TARGET_NAME)";
			};
			name = Release;
		};
/* End XCBuildConfiguration section */

/* Begin XCConfigurationList section */
		355BBDE01C701AEE000CD082 /* Build configuration list for PBXProject "MicroBang" */ = {
			isa = XCConfigurationList;
			buildConfigurations = (
				355BBDFA1C701AEE000CD082 /* Debug */,
				355BBDFB1C701AEE000CD082 /* Release */,
			);
			defaultConfigurationIsVisible = 0;
			defaultConfigurationName = Release;
		};
		355BBDFC1C701AEE000CD082 /* Build configuration list for PBXNativeTarget "MicroBang" */ = {
			isa = XCConfigurationList;
			buildConfigurations = (
				355BBDFD1C701AEE000CD082 /* Debug */,
				355BBDFE1C701AEE000CD082 /* Release */,
			);
			defaultConfigurationIsVisible = 0;
			defaultConfigurationName = Release;
		};
/* End XCConfigurationList section */
	};
	rootObject = 355BBDDD1C701AEE000CD082 /* Project object */;
}
